
Microsoft Visual Studio Solution File, Format Version 12.00
# Visual Studio Version 17
VisualStudioVersion = 17.6.33801.468
MinimumVisualStudioVersion = 10.0.40219.1
Project("{FAE04EC0-301F-11D3-BF4B-00C04F79EFBC}") = "Module17", "Module17\Module17.csproj", "{4237F9BF-4BD8-4137-BED3-5E4AF3330AC2}"
EndProject
Global
	GlobalSection(SolutionConfigurationPlatforms) = preSolution
		Debug|Any CPU = Debug|Any CPU
		Release|Any CPU = Release|Any CPU
	EndGlobalSection
	GlobalSection(ProjectConfigurationPlatforms) = postSolution
		{4237F9BF-4BD8-4137-BED3-5E4AF3330AC2}.Debug|Any CPU.ActiveCfg = Debug|Any CPU
		{4237F9BF-4BD8-4137-BED3-5E4AF3330AC2}.Debug|Any CPU.Build.0 = Debug|Any CPU
		{4237F9BF-4BD8-4137-BED3-5E4AF3330AC2}.Release|Any CPU.ActiveCfg = Release|Any CPU
		{4237F9BF-4BD8-4137-BED3-5E4AF3330AC2}.Release|Any CPU.Build.0 = Release|Any CPU
	EndGlobalSection
	GlobalSection(SolutionProperties) = preSolution
		HideSolutionNode = FALSE
	EndGlobalSection
	GlobalSection(ExtensibilityGlobals) = postSolution
		SolutionGuid = {D42CC0CD-7C0F-4F47-8476-5A673D8FD77B}
	EndGlobalSection
EndGlobal
